# This file is automatically @generated by Poetry 1.5.1 and should not be changed by hand.

[[package]]
name = "importlib-resources"
version = "6.0.0"
description = "Read resources from Python packages"
optional = false
python-versions = ">=3.8"
files = [
    {file = "importlib_resources-6.0.0-py3-none-any.whl", hash = "sha256:d952faee11004c045f785bb5636e8f885bed30dc3c940d5d42798a2a4541c185"},
    {file = "importlib_resources-6.0.0.tar.gz", hash = "sha256:4cf94875a8368bd89531a756df9a9ebe1f150e0f885030b461237bc7f2d905f2"},
]

[package.dependencies]
zipp = {version = ">=3.1.0", markers = "python_version < \"3.10\""}

[package.extras]
docs = ["furo", "jaraco.packaging (>=9.3)", "jaraco.tidelift (>=1.4)", "rst.linker (>=1.9)", "sphinx (>=3.5)", "sphinx-lint"]
testing = ["pytest (>=6)", "pytest-black (>=0.3.7)", "pytest-checkdocs (>=2.4)", "pytest-cov", "pytest-enabler (>=2.2)", "pytest-mypy (>=0.9.1)", "pytest-ruff"]

[[package]]
name = "pygame"
version = "2.5.0"
description = "Python Game Development"
optional = false
python-versions = ">=3.6"
files = [
    {file = "pygame-2.5.0-cp310-cp310-macosx_10_9_x86_64.whl", hash = "sha256:e34a2b5660acc298d0a66ce16f13a7ca1c56c2a685e40afef3a0cf6eaf3f44b3"},
    {file = "pygame-2.5.0-cp310-cp310-macosx_11_0_arm64.whl", hash = "sha256:875dbde88b899fb7f48d6f0e87f70c3dcc8ee87a947c3df817d949a9741dbcf5"},
    {file = "pygame-2.5.0-cp310-cp310-manylinux_2_17_aarch64.manylinux2014_aarch64.whl", hash = "sha256:854dc9106210d1a3a83914af53fc234c0bed65a39f5e6098a8eb489da354ad0c"},
    {file = "pygame-2.5.0-cp310-cp310-manylinux_2_17_i686.manylinux2014_i686.whl", hash = "sha256:7e1898db0fd7b868a31c29204813f447c59390350fd806904d80bebde094f3f8"},
    {file = "pygame-2.5.0-cp310-cp310-manylinux_2_17_x86_64.manylinux2014_x86_64.whl", hash = "sha256:22d5eac9b9936c7dc2813a750bc8efd53234ad1afc32eb99d6f64bb403c2b9aa"},
    {file = "pygame-2.5.0-cp310-cp310-win32.whl", hash = "sha256:e9eed550b8921080a3c7524202822fc2cf7226e0ffd3c4e4d16510ba44b24e6f"},
    {file = "pygame-2.5.0-cp310-cp310-win_amd64.whl", hash = "sha256:93128beb1154c443f05a66bfbf3f1d4eb8659157ab3b45e4a0454e5905440431"},
    {file = "pygame-2.5.0-cp311-cp311-macosx_10_9_x86_64.whl", hash = "sha256:c71d5b3ec232113cbd2e23a19eb01eef1818db41892d0d5efbac3901f940da66"},
    {file = "pygame-2.5.0-cp311-cp311-macosx_11_0_arm64.whl", hash = "sha256:b763062b1996de26a28600e7a8f138d5b36ba0ddd63c65ccbd06124cd95bab70"},
    {file = "pygame-2.5.0-cp311-cp311-manylinux_2_17_aarch64.manylinux2014_aarch64.whl", hash = "sha256:e5b6a42109f922352c524565fceb22bf8f8b6e4b00d38306e6f5b4c673048f4a"},
    {file = "pygame-2.5.0-cp311-cp311-manylinux_2_17_i686.manylinux2014_i686.whl", hash = "sha256:3bcb19c8ee3fc794ab3a7cb5b5fb1ad38da6866dfbba4af3699a84a828c8a4b9"},
    {file = "pygame-2.5.0-cp311-cp311-manylinux_2_17_x86_64.manylinux2014_x86_64.whl", hash = "sha256:c66b7abc38511c7ca08c5bb58a3bfc14fa51b4e5f85a1786777afc9e584a14dd"},
    {file = "pygame-2.5.0-cp311-cp311-win32.whl", hash = "sha256:46cf1c9b20fb11c7d836c02dd5fc2ca843b699c0e2bc4130cf4ad2f855db5f7f"},
    {file = "pygame-2.5.0-cp311-cp311-win_amd64.whl", hash = "sha256:f7b77b5019a9a6342535f53c75cef912b218cd24e98505828418f135aacc0a1b"},
    {file = "pygame-2.5.0-cp312-cp312-manylinux_2_17_aarch64.manylinux2014_aarch64.whl", hash = "sha256:7ddec0c823fd0869fe4a75ba906dcb7889db0e0c289ce8c03d4ce0a67351ab66"},
    {file = "pygame-2.5.0-cp312-cp312-manylinux_2_17_i686.manylinux2014_i686.whl", hash = "sha256:bae93ce29b8337a5e02507603094c51740c9f496272ef070e2624e9647776568"},
    {file = "pygame-2.5.0-cp312-cp312-manylinux_2_17_x86_64.manylinux2014_x86_64.whl", hash = "sha256:c80a1ad38d11102b4dfa0519aa2a26fea534503b259872609acc9adb1860884e"},
    {file = "pygame-2.5.0-cp312-cp312-win32.whl", hash = "sha256:8ffebcafda0add8072f82999498113be37494694fa36e02155cfaf1a0ba56fe2"},
    {file = "pygame-2.5.0-cp312-cp312-win_amd64.whl", hash = "sha256:574e310ba708da0c34b71c4158aa7cdca3cf3e16c4100dcd1d3c931a9c6705b4"},
    {file = "pygame-2.5.0-cp36-cp36m-macosx_10_9_x86_64.whl", hash = "sha256:275e4fab379620c3b262cd58c457eea80001e91bc2e04d306ddb0ba548c969bf"},
    {file = "pygame-2.5.0-cp36-cp36m-manylinux_2_17_aarch64.manylinux2014_aarch64.whl", hash = "sha256:c116a96a2784bd1724476dbf9c48bfea466ee493a736bdfa04ecbc3f193de0bc"},
    {file = "pygame-2.5.0-cp36-cp36m-manylinux_2_17_i686.manylinux2014_i686.whl", hash = "sha256:d4a0787ade8723323a3ba874bb725010bb08990a77327fc85f42474f3a840447"},
    {file = "pygame-2.5.0-cp36-cp36m-manylinux_2_17_x86_64.manylinux2014_x86_64.whl", hash = "sha256:c1cb39b660da1b56a1704ec4aa72bac538030786e23607fb25b8a66f357ffe3a"},
    {file = "pygame-2.5.0-cp36-cp36m-win32.whl", hash = "sha256:d051420667dd9fc8103b3cf994c03e46ee90b1c4a72c174737b8c14729ddf68e"},
    {file = "pygame-2.5.0-cp36-cp36m-win_amd64.whl", hash = "sha256:6b58356510b7c38836eb81cf08983b58f280da99580d4f17e89ed0ddb707c29c"},
    {file = "pygame-2.5.0-cp37-cp37m-macosx_10_9_x86_64.whl", hash = "sha256:80f167d8fcec7cd3107f829784ad721b1b7532c19fdf42b3aabbb51f7347850f"},
    {file = "pygame-2.5.0-cp37-cp37m-manylinux_2_17_aarch64.manylinux2014_aarch64.whl", hash = "sha256:ef96e9a2d8fd9526b89657d192c42dd7c551bfa381fa98ec52d45443e9713818"},
    {file = "pygame-2.5.0-cp37-cp37m-manylinux_2_17_i686.manylinux2014_i686.whl", hash = "sha256:e21d53279fb504b267ae06b565b72d9f95ecbf1f2dd8c705329b287f38295d98"},
    {file = "pygame-2.5.0-cp37-cp37m-manylinux_2_17_x86_64.manylinux2014_x86_64.whl", hash = "sha256:147cc0256a5df1316590f351febf6205ef2907564fb0d902935834b91e183486"},
    {file = "pygame-2.5.0-cp37-cp37m-win32.whl", hash = "sha256:e47696154d689180e4eea8c1d6f2bac923986119219db6ad0d2e60ab1f525e8c"},
    {file = "pygame-2.5.0-cp37-cp37m-win_amd64.whl", hash = "sha256:4c87fa8fa1f3ea94069119accd6d4b5fbf869c2b2954a19b45162dfb3b7c885e"},
    {file = "pygame-2.5.0-cp38-cp38-macosx_10_9_x86_64.whl", hash = "sha256:143550078ab10f290cd7c8715a46853e0dc598fd6cdd1561ecb4d6e3116a6b26"},
    {file = "pygame-2.5.0-cp38-cp38-macosx_11_0_arm64.whl", hash = "sha256:969de806bed49b28972862acba652f05ece9420bbdf5f925c970c6a18a9fd1f9"},
    {file = "pygame-2.5.0-cp38-cp38-manylinux_2_17_aarch64.manylinux2014_aarch64.whl", hash = "sha256:c5d3b0da31ea341b86ef96d6b13c0ddcb25f5320186b7215bc870f08119d2f80"},
    {file = "pygame-2.5.0-cp38-cp38-manylinux_2_17_i686.manylinux2014_i686.whl", hash = "sha256:b23effd50121468f1dc41022230485bff515154191a9d343224850aa3ed3b7f0"},
    {file = "pygame-2.5.0-cp38-cp38-manylinux_2_17_x86_64.manylinux2014_x86_64.whl", hash = "sha256:bce4116db6924b544ff8ff03f7ef681c8baf9c6e039a1ec21e26b4ebdaa0e994"},
    {file = "pygame-2.5.0-cp38-cp38-win32.whl", hash = "sha256:50a89c15412506d95e98792435f49a73101788db30ad9c562f611c7aa7b437fa"},
    {file = "pygame-2.5.0-cp38-cp38-win_amd64.whl", hash = "sha256:df1d8affdbe9f417cc7141581e3d08e4b09f708060d3127d2016fd591b2e4f68"},
    {file = "pygame-2.5.0-cp39-cp39-macosx_10_9_x86_64.whl", hash = "sha256:99965da24d0bf138d9ac6b7494b9a12781c1510cf936616d1d0c46a736777f6a"},
    {file = "pygame-2.5.0-cp39-cp39-macosx_11_0_arm64.whl", hash = "sha256:daa81057c1beb71a9fb96253457197ad03ee988ba546a166f253bd92a98a9a11"},
    {file = "pygame-2.5.0-cp39-cp39-manylinux_2_17_aarch64.manylinux2014_aarch64.whl", hash = "sha256:3ca85da605f6621c99c05f272a5dcf85bf0badcdca45f16ff2bee9a9d41ae042"},
    {file = "pygame-2.5.0-cp39-cp39-manylinux_2_17_i686.manylinux2014_i686.whl", hash = "sha256:603d403997d46b07022097861c8b0ff76c6192f8a2f5f89f1a6a978d4411b715"},
    {file = "pygame-2.5.0-cp39-cp39-manylinux_2_17_x86_64.manylinux2014_x86_64.whl", hash = "sha256:7babaeac11544f3e4d7a15756a27f943dc5fff276481fdc9d90415a903ad31a9"},
    {file = "pygame-2.5.0-cp39-cp39-win32.whl", hash = "sha256:9d2126f91699223f0c36845d1c7b2cdfe2f1753ef85b8410ea613e8bd212ca33"},
    {file = "pygame-2.5.0-cp39-cp39-win_amd64.whl", hash = "sha256:8062adc409f0b2742d7996b9b470494025c5e3b73d0d03e3798708dcf5d195cd"},
    {file = "pygame-2.5.0-pp36-pypy36_pp73-win32.whl", hash = "sha256:1bd14adf6151b6ac2f617a8fd71621f1c125209c41a359d3c1cf4bf3904dba5f"},
    {file = "pygame-2.5.0-pp37-pypy37_pp73-manylinux_2_17_i686.manylinux2014_i686.whl", hash = "sha256:2b11708f1c7b1671db15246275adcb18cf384f5f7e73532e26999968876c5099"},
    {file = "pygame-2.5.0-pp37-pypy37_pp73-manylinux_2_17_x86_64.manylinux2014_x86_64.whl", hash = "sha256:6830e431575697f7a11f7731798445242e37eb07ae9007f7be33083f700e9b1e"},
    {file = "pygame-2.5.0-pp38-pypy38_pp73-macosx_10_9_x86_64.whl", hash = "sha256:7dd80addfdf7dc1f0e04f81c98acb96580726783172256f2ebc955a967e84124"},
    {file = "pygame-2.5.0-pp38-pypy38_pp73-manylinux_2_17_i686.manylinux2014_i686.whl", hash = "sha256:1c2cbd9d1a0a3969d6e1c6b0741279c843b4a36ef3804d324874d0a2f0e49816"},
    {file = "pygame-2.5.0-pp38-pypy38_pp73-manylinux_2_17_x86_64.manylinux2014_x86_64.whl", hash = "sha256:ef373b9865c740f18236f2324e17e7f2111e27c6a4a5b67c490c72a8a8b8de77"},
    {file = "pygame-2.5.0-pp39-pypy39_pp73-macosx_10_9_x86_64.whl", hash = "sha256:3959038a3e2034cee3f15471786a3bac35baeaa1f7503dc7402bb49d25b5ddbc"},
    {file = "pygame-2.5.0-pp39-pypy39_pp73-manylinux_2_17_i686.manylinux2014_i686.whl", hash = "sha256:583d9c8ad033ad51da8485427139d047afb649f49e42d4fa88477f73734ad4b0"},
    {file = "pygame-2.5.0-pp39-pypy39_pp73-manylinux_2_17_x86_64.manylinux2014_x86_64.whl", hash = "sha256:13b650e925d2e8c82c16bdeae6e7fc5d6ca4ac659a1412da4ecd923ef9d688cb"},
    {file = "pygame-2.5.0.tar.gz", hash = "sha256:edd5745b79435976d92c0a7318aedcafcb7ac4567125ac6ba88aa473559ef9ab"},
]

[[package]]
name = "pygame-ce"
version = "2.3.0"
description = "Python Game Development"
optional = false
python-versions = ">=3.7"
files = [
    {file = "pygame-ce-2.3.0.tar.gz", hash = "sha256:9f1537ec7c7d584224fe43a17f5bb3ca46ebe61240a849f5da03daf040cc7ea5"},
    {file = "pygame_ce-2.3.0-cp310-cp310-macosx_10_9_x86_64.whl", hash = "sha256:043b05903fa86a4e6446c7deb8ec8cc8caa3e189085c2607c52bd0330aa69ca5"},
    {file = "pygame_ce-2.3.0-cp310-cp310-macosx_11_0_arm64.whl", hash = "sha256:4ec949d85e372958aae34bddef9f54ca5d079f754fcc23c951979a14b9e44817"},
    {file = "pygame_ce-2.3.0-cp310-cp310-manylinux_2_17_i686.manylinux2014_i686.whl", hash = "sha256:2c577ed6fdf0aa390439a789a7447c2c234ea319a3c20261e30bce9a962428b2"},
    {file = "pygame_ce-2.3.0-cp310-cp310-manylinux_2_17_x86_64.manylinux2014_x86_64.whl", hash = "sha256:6c023b58dd5991477d3535b950ec0eca30c9e8a3d86d04ff083228ab1009f264"},
    {file = "pygame_ce-2.3.0-cp310-cp310-win32.whl", hash = "sha256:88d43abd3610fe2dd4cb25e61705223da3f7ff615a694e6afda18a6873ebe781"},
    {file = "pygame_ce-2.3.0-cp310-cp310-win_amd64.whl", hash = "sha256:f2c052ee95d2464c38aeb146963db3c9d14fc4d36775bf07884e47d5a3815a3d"},
    {file = "pygame_ce-2.3.0-cp311-cp311-macosx_10_9_x86_64.whl", hash = "sha256:712207236dd64e13c4a72ae71cb8f698eb5deb7c1972f0bb61463540c7ed8fec"},
    {file = "pygame_ce-2.3.0-cp311-cp311-macosx_11_0_arm64.whl", hash = "sha256:3bf7a3c315d255b4e96bc421100365240cee935005082b0fa5c12b099cd6ac17"},
    {file = "pygame_ce-2.3.0-cp311-cp311-manylinux_2_17_i686.manylinux2014_i686.whl", hash = "sha256:eed92893fa99fa489693fb018543311ab05fe88daccb0d86417602aae63bc689"},
    {file = "pygame_ce-2.3.0-cp311-cp311-manylinux_2_17_x86_64.manylinux2014_x86_64.whl", hash = "sha256:693da47bf1b587eedb9748ad2c92f69049687df2fbfabcf65685dcaa4642ea2f"},
    {file = "pygame_ce-2.3.0-cp311-cp311-win32.whl", hash = "sha256:c22ec81972c15a0123dff599bf8fc4393516980bf90ff387aa8511c4411bf7c0"},
    {file = "pygame_ce-2.3.0-cp311-cp311-win_amd64.whl", hash = "sha256:dc206587140151381b0ddedb538d053ac88e01d9da5c788ec406a9bc61046fbe"},
    {file = "pygame_ce-2.3.0-cp37-cp37m-macosx_10_9_x86_64.whl", hash = "sha256:c7e747e91000690244877d17533498a4feb9ceeb32ab45117d88c23e9bbc34ed"},
    {file = "pygame_ce-2.3.0-cp37-cp37m-manylinux_2_17_i686.manylinux2014_i686.whl", hash = "sha256:0c517ceb70929c20bbeb7b0ea8e0443533473b3376070e06ee4816b0c2ffc6a2"},
    {file = "pygame_ce-2.3.0-cp37-cp37m-manylinux_2_17_x86_64.manylinux2014_x86_64.whl", hash = "sha256:0cbc5883108396502e8abc073efa55ae16873ddfa854bd63b08b78f9034a0111"},
    {file = "pygame_ce-2.3.0-cp37-cp37m-win32.whl", hash = "sha256:4b69bec388d97feb612ec4ae7ebbc027890d1de14b46823e470f317d362526e5"},
    {file = "pygame_ce-2.3.0-cp37-cp37m-win_amd64.whl", hash = "sha256:5369056a08d8a6d4f901bc8fdbc20ff8a4e9fc9899c4f8b51736f2413b1fefdc"},
    {file = "pygame_ce-2.3.0-cp38-cp38-macosx_10_9_x86_64.whl", hash = "sha256:d94aa178334afcbb3cd1adfccc528c78a75e7d22e618c3bcccdf230b5fddf86d"},
    {file = "pygame_ce-2.3.0-cp38-cp38-macosx_11_0_arm64.whl", hash = "sha256:b55675d1a845ce5284ec0de9c57fff24bdcce1ef1fa7aed350693d552824e3be"},
    {file = "pygame_ce-2.3.0-cp38-cp38-manylinux_2_17_i686.manylinux2014_i686.whl", hash = "sha256:dd4934118fd5f96f865189de78228db1a7e2cf7ad850f4fffedc15b56a78731d"},
    {file = "pygame_ce-2.3.0-cp38-cp38-manylinux_2_17_x86_64.manylinux2014_x86_64.whl", hash = "sha256:257571efdbfcbe670da788d63f9de1a798db1fb41c7585bd17411a426487122f"},
    {file = "pygame_ce-2.3.0-cp38-cp38-win32.whl", hash = "sha256:5144d98750f34d9d6ecf71640a7510413ab1609d8589af43b621f9c3337f369c"},
    {file = "pygame_ce-2.3.0-cp38-cp38-win_amd64.whl", hash = "sha256:78b8a3a2518a9ee5dd2dcea8dc965ced27c732460181a60b09b908d75ca40675"},
    {file = "pygame_ce-2.3.0-cp39-cp39-macosx_10_9_x86_64.whl", hash = "sha256:ab14c0005bf80682551b915e60a78504f625e57049e196cfa57cb0ad7e80327f"},
    {file = "pygame_ce-2.3.0-cp39-cp39-macosx_11_0_arm64.whl", hash = "sha256:0b4392cb06788858e98d0bb1d87e9a5afc90376a558dee14bb59ca546476ba4d"},
    {file = "pygame_ce-2.3.0-cp39-cp39-manylinux_2_17_i686.manylinux2014_i686.whl", hash = "sha256:6bcab98cb17894a2e87bff5d22161cdd2e8852f62cc013888c012bb0dc2613ed"},
    {file = "pygame_ce-2.3.0-cp39-cp39-manylinux_2_17_x86_64.manylinux2014_x86_64.whl", hash = "sha256:610b5831c248e3b92ef40277a452992bbcf7fe4149778d99b94fd17f2d454fb7"},
    {file = "pygame_ce-2.3.0-cp39-cp39-win32.whl", hash = "sha256:7c881665aac2a38a9e455451935d3cc5954bbc684d4db807f5a4f69af532f51c"},
    {file = "pygame_ce-2.3.0-cp39-cp39-win_amd64.whl", hash = "sha256:15c5c3980eb20fa3bd9c659915ffa39a2cb11f33fa60a991e392035aabb0735c"},
    {file = "pygame_ce-2.3.0-pp37-pypy37_pp73-macosx_10_9_x86_64.whl", hash = "sha256:a17e779b74236b01b55e72dc8aaba9ed28164f834a63e049c6195f4072e3fbe9"},
    {file = "pygame_ce-2.3.0-pp37-pypy37_pp73-manylinux_2_17_i686.manylinux2014_i686.whl", hash = "sha256:274ca5a40a62653adb28b3c72dc0257c0bc9ff0bf31d95380d3997d72b8dd10f"},
    {file = "pygame_ce-2.3.0-pp37-pypy37_pp73-manylinux_2_17_x86_64.manylinux2014_x86_64.whl", hash = "sha256:ee2e1ea04e6113dab46b184770178c5f0e6585709290685c95819731023d21ec"},
    {file = "pygame_ce-2.3.0-pp37-pypy37_pp73-win_amd64.whl", hash = "sha256:a04ff8cfcdb042fb9855047713361d8f34274906c6e8ab50f3371da8e8e96012"},
    {file = "pygame_ce-2.3.0-pp38-pypy38_pp73-macosx_10_9_x86_64.whl", hash = "sha256:d8e6ba1f57a9b85c6e1331e0a2ec2d667125d92c29aafe8006d4199500acec1e"},
    {file = "pygame_ce-2.3.0-pp38-pypy38_pp73-manylinux_2_17_i686.manylinux2014_i686.whl", hash = "sha256:cdd477fd95a682ecbb72b95ae966fd89be0dafeed7940c3c96fa4561b1600f39"},
    {file = "pygame_ce-2.3.0-pp38-pypy38_pp73-manylinux_2_17_x86_64.manylinux2014_x86_64.whl", hash = "sha256:c05506977ccafcbe320819cbeb26a9b7e6adf1c4be34c4c1e78ec4221d441469"},
    {file = "pygame_ce-2.3.0-pp38-pypy38_pp73-win_amd64.whl", hash = "sha256:177557a27a048d3d9fb52ef1503a4fbb413ff1209af584c4088127d4edc0ae27"},
    {file = "pygame_ce-2.3.0-pp39-pypy39_pp73-macosx_10_9_x86_64.whl", hash = "sha256:6e1f5196f7d0c9f639e8183041925eb958a9c005a1200d38adc9b33058552662"},
    {file = "pygame_ce-2.3.0-pp39-pypy39_pp73-manylinux_2_17_i686.manylinux2014_i686.whl", hash = "sha256:c1362a62a897f145df70f7277140ae097c8510a1f65092920e0af75932c98fd1"},
    {file = "pygame_ce-2.3.0-pp39-pypy39_pp73-manylinux_2_17_x86_64.manylinux2014_x86_64.whl", hash = "sha256:f9432040f88a8549950c414ab3ad04d63527d533414633faad61d87a3f1d69cc"},
    {file = "pygame_ce-2.3.0-pp39-pypy39_pp73-win_amd64.whl", hash = "sha256:f5b4cb8f9f191f7a05aac8b188d4096af40f4221d4f8774ada4617ab0ae94661"},
]

[[package]]
name = "pygame-gui"
version = "0.6.9"
description = "A GUI module for pygame Community Edition"
optional = false
python-versions = ">=3.7"
files = [
    {file = "pygame_gui-0.6.9-py3-none-any.whl", hash = "sha256:562b5372052456b9517530db44b050f8cffc528662b8a29b6e74873a0c0f5e02"},
]

[package.dependencies]
importlib-resources = {version = ">1.3", markers = "python_version < \"3.9\""}
pygame-ce = ">=2.1.4"
python-i18n = ">=0.3.9"

[[package]]
name = "python-i18n"
version = "0.3.9"
description = "Translation library for Python"
optional = false
python-versions = "*"
files = [
    {file = "python-i18n-0.3.9.tar.gz", hash = "sha256:df97f3d2364bf3a7ebfbd6cbefe8e45483468e52a9e30b909c6078f5f471e4e8"},
    {file = "python_i18n-0.3.9-py3-none-any.whl", hash = "sha256:bda5b8d889ebd51973e22e53746417bd32783c9bd6780fd27cadbb733915651d"},
]

[package.extras]
yaml = ["pyyaml (>=3.10)"]

[[package]]
name = "pytmx"
version = "3.32"
description = "Loads tiled tmx maps"
optional = false
python-versions = ">=3.7"
files = [
    {file = "PyTMX-3.32-py3-none-any.whl", hash = "sha256:4da4c01133dfcb2746cb4e7f46ea1aef21d56119ab044f8f77b9906dea5fbccb"},
    {file = "PyTMX-3.32.tar.gz", hash = "sha256:858fd8338f8e7de0e7967604f008022c26735ab98780b2c5d94d2e2c2f5809ca"},
]

[package.extras]
pygame = ["pygame (>=2.0.0)"]
pygame-ce = ["pygame-ce (>=2.1.3)"]

[[package]]
name = "zipp"
version = "3.16.1"
description = "Backport of pathlib-compatible object wrapper for zip files"
optional = false
python-versions = ">=3.8"
files = [
    {file = "zipp-3.16.1-py3-none-any.whl", hash = "sha256:0b37c326d826d5ca35f2b9685cd750292740774ef16190008b00a0227c256fe0"},
    {file = "zipp-3.16.1.tar.gz", hash = "sha256:857b158da2cbf427b376da1c24fd11faecbac5a4ac7523c3607f8a01f94c2ec0"},
]

[package.extras]
docs = ["furo", "jaraco.packaging (>=9.3)", "jaraco.tidelift (>=1.4)", "rst.linker (>=1.9)", "sphinx (>=3.5)", "sphinx-lint"]
testing = ["big-O", "jaraco.functools", "jaraco.itertools", "more-itertools", "pytest (>=6)", "pytest-black (>=0.3.7)", "pytest-checkdocs (>=2.4)", "pytest-cov", "pytest-enabler (>=2.2)", "pytest-mypy (>=0.9.1)", "pytest-ruff"]

[metadata]
lock-version = "2.0"
python-versions = ">=3.8"
content-hash = "794b67a25454823055a00ba641ec4321d389368157f94c43ffef837a26f9517e"
